
Microsoft Visual Studio Solution File, Format Version 12.00
# Visual Studio Version 17
VisualStudioVersion = 17.2.32616.157
MinimumVisualStudioVersion = 10.0.40219.1
Project("{FAE04EC0-301F-11D3-BF4B-00C04F79EFBC}") = "TGL03", "TGL03\TGL03.csproj", "{05A65D3B-BDA0-4A6D-9ABE-22C136C6D013}"
EndProject
Global
	GlobalSection(SolutionConfigurationPlatforms) = preSolution
		Debug|Any CPU = Debug|Any CPU
		Release|Any CPU = Release|Any CPU
	EndGlobalSection
	GlobalSection(ProjectConfigurationPlatforms) = postSolution
		{05A65D3B-BDA0-4A6D-9ABE-22C136C6D013}.Debug|Any CPU.ActiveCfg = Debug|Any CPU
		{05A65D3B-BDA0-4A6D-9ABE-22C136C6D013}.Debug|Any CPU.Build.0 = Debug|Any CPU
		{05A65D3B-BDA0-4A6D-9ABE-22C136C6D013}.Release|Any CPU.ActiveCfg = Release|Any CPU
		{05A65D3B-BDA0-4A6D-9ABE-22C136C6D013}.Release|Any CPU.Build.0 = Release|Any CPU
	EndGlobalSection
	GlobalSection(SolutionProperties) = preSolution
		HideSolutionNode = FALSE
	EndGlobalSection
	GlobalSection(ExtensibilityGlobals) = postSolution
		SolutionGuid = {3DD9DDA5-65D9-416E-BAC3-9E0E23F746A2}
	EndGlobalSection
EndGlobal
